
Microsoft Visual Studio Solution File, Format Version 12.00
# Visual Studio Version 16
VisualStudioVersion = 16.0.31313.79
MinimumVisualStudioVersion = 10.0.40219.1
Project("{FAE04EC0-301F-11D3-BF4B-00C04F79EFBC}") = "MitreImporter", "MitreImporter.csproj", "{AC11844A-A31D-4EB9-AD9C-6EA70D6A5B3F}"
EndProject
Project("{9A19103F-16F7-4668-BE54-9A1E7A4F7556}") = "ThreatsManager.Mitre", "..\..\Sources\Extensions\ThreatsManager.Mitre\ThreatsManager.Mitre.csproj", "{9E263AB8-13A4-40DA-BAB3-AD3A560F2E8F}"
EndProject
Global
	GlobalSection(SolutionConfigurationPlatforms) = preSolution
		Debug|Any CPU = Debug|Any CPU
		Release|Any CPU = Release|Any CPU
	EndGlobalSection
	GlobalSection(ProjectConfigurationPlatforms) = postSolution
		{AC11844A-A31D-4EB9-AD9C-6EA70D6A5B3F}.Debug|Any CPU.ActiveCfg = Debug|Any CPU
		{AC11844A-A31D-4EB9-AD9C-6EA70D6A5B3F}.Debug|Any CPU.Build.0 = Debug|Any CPU
		{AC11844A-A31D-4EB9-AD9C-6EA70D6A5B3F}.Release|Any CPU.ActiveCfg = Release|Any CPU
		{AC11844A-A31D-4EB9-AD9C-6EA70D6A5B3F}.Release|Any CPU.Build.0 = Release|Any CPU
		{9E263AB8-13A4-40DA-BAB3-AD3A560F2E8F}.Debug|Any CPU.ActiveCfg = Debug|Any CPU
		{9E263AB8-13A4-40DA-BAB3-AD3A560F2E8F}.Debug|Any CPU.Build.0 = Debug|Any CPU
		{9E263AB8-13A4-40DA-BAB3-AD3A560F2E8F}.Release|Any CPU.ActiveCfg = Release|Any CPU
		{9E263AB8-13A4-40DA-BAB3-AD3A560F2E8F}.Release|Any CPU.Build.0 = Release|Any CPU
	EndGlobalSection
	GlobalSection(SolutionProperties) = preSolution
		HideSolutionNode = FALSE
	EndGlobalSection
	GlobalSection(ExtensibilityGlobals) = postSolution
		SolutionGuid = {84DAB5B8-FE8B-453C-BC57-D8726633C404}
	EndGlobalSection
EndGlobal
