
Microsoft Visual Studio Solution File, Format Version 12.00
# Visual Studio Version 16
VisualStudioVersion = 16.0.30204.135
MinimumVisualStudioVersion = 10.0.40219.1
Project("{FAE04EC0-301F-11D3-BF4B-00C04F79EFBC}") = "ThreatsManager.AutoThreatGeneration", "ThreatsManager.AutoThreatGeneration.csproj", "{1DD66AAB-A2C1-4A1D-9074-FD9BBE59AFE6}"
EndProject
Global
	GlobalSection(SolutionConfigurationPlatforms) = preSolution
		Debug|Any CPU = Debug|Any CPU
		Release|Any CPU = Release|Any CPU
	EndGlobalSection
	GlobalSection(ProjectConfigurationPlatforms) = postSolution
		{1DD66AAB-A2C1-4A1D-9074-FD9BBE59AFE6}.Debug|Any CPU.ActiveCfg = Debug|Any CPU
		{1DD66AAB-A2C1-4A1D-9074-FD9BBE59AFE6}.Debug|Any CPU.Build.0 = Debug|Any CPU
		{1DD66AAB-A2C1-4A1D-9074-FD9BBE59AFE6}.Release|Any CPU.ActiveCfg = Release|Any CPU
		{1DD66AAB-A2C1-4A1D-9074-FD9BBE59AFE6}.Release|Any CPU.Build.0 = Release|Any CPU
	EndGlobalSection
	GlobalSection(SolutionProperties) = preSolution
		HideSolutionNode = FALSE
	EndGlobalSection
	GlobalSection(ExtensibilityGlobals) = postSolution
		SolutionGuid = {5376EB43-92B3-4865-83B7-794E56546F08}
	EndGlobalSection
EndGlobal
