
Microsoft Visual Studio Solution File, Format Version 12.00
# Visual Studio Version 16
VisualStudioVersion = 16.0.30104.148
MinimumVisualStudioVersion = 10.0.40219.1
Project("{FAE04EC0-301F-11D3-BF4B-00C04F79EFBC}") = "SampleExtensions", "SampleExtensions\SampleExtensions.csproj", "{0FD96BBA-7200-4E4D-8E13-9CBE55BD6FF3}"
EndProject
Project("{FAE04EC0-301F-11D3-BF4B-00C04F79EFBC}") = "SampleWinFormExtensions", "SampleWinFormExtensions\SampleWinFormExtensions.csproj", "{404D1232-CE3C-4BAA-B8F8-929D1F08BC84}"
EndProject
Project("{FAE04EC0-301F-11D3-BF4B-00C04F79EFBC}") = "SimpleThreatModelAnalyzer", "SimpleThreatModelAnalyzer\SimpleThreatModelAnalyzer.csproj", "{02557E72-71EE-493B-9A7B-21BC743BAF22}"
EndProject
Global
	GlobalSection(SolutionConfigurationPlatforms) = preSolution
		Debug|Any CPU = Debug|Any CPU
		Release|Any CPU = Release|Any CPU
	EndGlobalSection
	GlobalSection(ProjectConfigurationPlatforms) = postSolution
		{0FD96BBA-7200-4E4D-8E13-9CBE55BD6FF3}.Debug|Any CPU.ActiveCfg = Debug|Any CPU
		{0FD96BBA-7200-4E4D-8E13-9CBE55BD6FF3}.Debug|Any CPU.Build.0 = Debug|Any CPU
		{0FD96BBA-7200-4E4D-8E13-9CBE55BD6FF3}.Release|Any CPU.ActiveCfg = Release|Any CPU
		{0FD96BBA-7200-4E4D-8E13-9CBE55BD6FF3}.Release|Any CPU.Build.0 = Release|Any CPU
		{404D1232-CE3C-4BAA-B8F8-929D1F08BC84}.Debug|Any CPU.ActiveCfg = Debug|Any CPU
		{404D1232-CE3C-4BAA-B8F8-929D1F08BC84}.Debug|Any CPU.Build.0 = Debug|Any CPU
		{404D1232-CE3C-4BAA-B8F8-929D1F08BC84}.Release|Any CPU.ActiveCfg = Release|Any CPU
		{404D1232-CE3C-4BAA-B8F8-929D1F08BC84}.Release|Any CPU.Build.0 = Release|Any CPU
		{02557E72-71EE-493B-9A7B-21BC743BAF22}.Debug|Any CPU.ActiveCfg = Debug|Any CPU
		{02557E72-71EE-493B-9A7B-21BC743BAF22}.Debug|Any CPU.Build.0 = Debug|Any CPU
		{02557E72-71EE-493B-9A7B-21BC743BAF22}.Release|Any CPU.ActiveCfg = Release|Any CPU
		{02557E72-71EE-493B-9A7B-21BC743BAF22}.Release|Any CPU.Build.0 = Release|Any CPU
	EndGlobalSection
	GlobalSection(SolutionProperties) = preSolution
		HideSolutionNode = FALSE
	EndGlobalSection
	GlobalSection(ExtensibilityGlobals) = postSolution
		SolutionGuid = {94345990-5868-40ED-BCA5-08C9AF455A6C}
	EndGlobalSection
EndGlobal
