
Microsoft Visual Studio Solution File, Format Version 12.00
# Visual Studio Version 16
VisualStudioVersion = 16.0.30114.105
MinimumVisualStudioVersion = 10.0.40219.1
Project("{FAE04EC0-301F-11D3-BF4B-00C04F79EFBC}") = "InitializerTemplate", "InitializerTemplate\InitializerTemplate.csproj", "{0A279CDB-9ED1-4894-8B4A-2ADCF531ABAF}"
EndProject
Project("{FAE04EC0-301F-11D3-BF4B-00C04F79EFBC}") = "Threats Manager Platform SDK", "Threats Manager Platform SDK\Threats Manager Platform SDK.csproj", "{A1C9E977-7EE9-4CA3-9D1D-D13BF7446162}"
EndProject
Project("{FAE04EC0-301F-11D3-BF4B-00C04F79EFBC}") = "ThreatEventMitigationActionTemplate", "ThreatEventMitigationActionTemplate\ThreatEventMitigationActionTemplate.csproj", "{044E3E7C-622D-4EC4-A5AD-5EB4AE92E669}"
EndProject
Project("{FAE04EC0-301F-11D3-BF4B-00C04F79EFBC}") = "IdentityActionTemplate", "IdentityActionTemplate\IdentityActionTemplate.csproj", "{5E24E397-F909-4B1F-A225-20AB5AFAA3D2}"
EndProject
Project("{FAE04EC0-301F-11D3-BF4B-00C04F79EFBC}") = "ThreatTypeMitigationActionTemplate", "ThreatTypeMitigationActionTemplate\ThreatTypeMitigationActionTemplate.csproj", "{4F7D90B0-FF4D-471B-9834-2DA00EDB1676}"
EndProject
Project("{FAE04EC0-301F-11D3-BF4B-00C04F79EFBC}") = "PanelTemplate", "PanelTemplate\PanelTemplate.csproj", "{A0491B26-CDDD-44FE-BA9A-F50471D62023}"
EndProject
Project("{FAE04EC0-301F-11D3-BF4B-00C04F79EFBC}") = "ExtensionInitializerTemplate", "ExtensionInitializerTemplate\ExtensionInitializerTemplate.csproj", "{BC3D153A-3348-47C7-8D12-5CEAF1C6078D}"
EndProject
Project("{FAE04EC0-301F-11D3-BF4B-00C04F79EFBC}") = "MainRibbonExtensionTemplate", "MainRibbonExtensionTemplate\MainRibbonExtensionTemplate.csproj", "{B9B46F51-E595-467F-B80E-90B8E15465BD}"
EndProject
Global
	GlobalSection(SolutionConfigurationPlatforms) = preSolution
		Debug|Any CPU = Debug|Any CPU
		Release|Any CPU = Release|Any CPU
	EndGlobalSection
	GlobalSection(ProjectConfigurationPlatforms) = postSolution
		{0A279CDB-9ED1-4894-8B4A-2ADCF531ABAF}.Debug|Any CPU.ActiveCfg = Debug|Any CPU
		{0A279CDB-9ED1-4894-8B4A-2ADCF531ABAF}.Debug|Any CPU.Build.0 = Debug|Any CPU
		{0A279CDB-9ED1-4894-8B4A-2ADCF531ABAF}.Release|Any CPU.ActiveCfg = Release|Any CPU
		{0A279CDB-9ED1-4894-8B4A-2ADCF531ABAF}.Release|Any CPU.Build.0 = Release|Any CPU
		{A1C9E977-7EE9-4CA3-9D1D-D13BF7446162}.Debug|Any CPU.ActiveCfg = Debug|Any CPU
		{A1C9E977-7EE9-4CA3-9D1D-D13BF7446162}.Debug|Any CPU.Build.0 = Debug|Any CPU
		{A1C9E977-7EE9-4CA3-9D1D-D13BF7446162}.Release|Any CPU.ActiveCfg = Release|Any CPU
		{A1C9E977-7EE9-4CA3-9D1D-D13BF7446162}.Release|Any CPU.Build.0 = Release|Any CPU
		{044E3E7C-622D-4EC4-A5AD-5EB4AE92E669}.Debug|Any CPU.ActiveCfg = Debug|Any CPU
		{044E3E7C-622D-4EC4-A5AD-5EB4AE92E669}.Debug|Any CPU.Build.0 = Debug|Any CPU
		{044E3E7C-622D-4EC4-A5AD-5EB4AE92E669}.Release|Any CPU.ActiveCfg = Release|Any CPU
		{044E3E7C-622D-4EC4-A5AD-5EB4AE92E669}.Release|Any CPU.Build.0 = Release|Any CPU
		{5E24E397-F909-4B1F-A225-20AB5AFAA3D2}.Debug|Any CPU.ActiveCfg = Debug|Any CPU
		{5E24E397-F909-4B1F-A225-20AB5AFAA3D2}.Debug|Any CPU.Build.0 = Debug|Any CPU
		{5E24E397-F909-4B1F-A225-20AB5AFAA3D2}.Release|Any CPU.ActiveCfg = Release|Any CPU
		{5E24E397-F909-4B1F-A225-20AB5AFAA3D2}.Release|Any CPU.Build.0 = Release|Any CPU
		{4F7D90B0-FF4D-471B-9834-2DA00EDB1676}.Debug|Any CPU.ActiveCfg = Debug|Any CPU
		{4F7D90B0-FF4D-471B-9834-2DA00EDB1676}.Debug|Any CPU.Build.0 = Debug|Any CPU
		{4F7D90B0-FF4D-471B-9834-2DA00EDB1676}.Release|Any CPU.ActiveCfg = Release|Any CPU
		{4F7D90B0-FF4D-471B-9834-2DA00EDB1676}.Release|Any CPU.Build.0 = Release|Any CPU
		{A0491B26-CDDD-44FE-BA9A-F50471D62023}.Debug|Any CPU.ActiveCfg = Debug|Any CPU
		{A0491B26-CDDD-44FE-BA9A-F50471D62023}.Debug|Any CPU.Build.0 = Debug|Any CPU
		{A0491B26-CDDD-44FE-BA9A-F50471D62023}.Release|Any CPU.ActiveCfg = Release|Any CPU
		{A0491B26-CDDD-44FE-BA9A-F50471D62023}.Release|Any CPU.Build.0 = Release|Any CPU
		{BC3D153A-3348-47C7-8D12-5CEAF1C6078D}.Debug|Any CPU.ActiveCfg = Debug|Any CPU
		{BC3D153A-3348-47C7-8D12-5CEAF1C6078D}.Debug|Any CPU.Build.0 = Debug|Any CPU
		{BC3D153A-3348-47C7-8D12-5CEAF1C6078D}.Release|Any CPU.ActiveCfg = Release|Any CPU
		{BC3D153A-3348-47C7-8D12-5CEAF1C6078D}.Release|Any CPU.Build.0 = Release|Any CPU
		{B9B46F51-E595-467F-B80E-90B8E15465BD}.Debug|Any CPU.ActiveCfg = Debug|Any CPU
		{B9B46F51-E595-467F-B80E-90B8E15465BD}.Debug|Any CPU.Build.0 = Debug|Any CPU
		{B9B46F51-E595-467F-B80E-90B8E15465BD}.Release|Any CPU.ActiveCfg = Release|Any CPU
		{B9B46F51-E595-467F-B80E-90B8E15465BD}.Release|Any CPU.Build.0 = Release|Any CPU
	EndGlobalSection
	GlobalSection(SolutionProperties) = preSolution
		HideSolutionNode = FALSE
	EndGlobalSection
	GlobalSection(ExtensibilityGlobals) = postSolution
		SolutionGuid = {F2CA11B9-0823-4838-BC77-AB006E2E679D}
	EndGlobalSection
EndGlobal
